
Microsoft Visual Studio Solution File, Format Version 12.00
# Visual Studio Version 17
VisualStudioVersion = 17.0.31903.59
MinimumVisualStudioVersion = 10.0.40219.1
Project("{FAE04EC0-301F-11D3-BF4B-00C04F79EFBC}") = "Minimal", "src\Minimal\Minimal.csproj", "{975471DC-A646-404C-BD64-8B04B20A9097}"
EndProject
Project("{FAE04EC0-301F-11D3-BF4B-00C04F79EFBC}") = "Extended", "src\Extended\Extended.csproj", "{CCF2EE06-9E09-40A8-B82E-D17E20254AEB}"
EndProject
Project("{FAE04EC0-301F-11D3-BF4B-00C04F79EFBC}") = "MackleEverywhere", "src\MackleEverywhere\MackleEverywhere.csproj", "{7BD8DD87-F69F-435F-86A9-4F1878F16796}"
EndProject
Project("{FAE04EC0-301F-11D3-BF4B-00C04F79EFBC}") = "MackleEverywhere.Minimal", "src\MackleEverywhere.Minimal\MackleEverywhere.Minimal.csproj", "{52A82DED-4C2E-419B-A13E-21F4139CA91D}"
EndProject
Global
	GlobalSection(SolutionConfigurationPlatforms) = preSolution
		Debug|Any CPU = Debug|Any CPU
		Release|Any CPU = Release|Any CPU
	EndGlobalSection
	GlobalSection(SolutionProperties) = preSolution
		HideSolutionNode = FALSE
	EndGlobalSection
	GlobalSection(ProjectConfigurationPlatforms) = postSolution
		{975471DC-A646-404C-BD64-8B04B20A9097}.Debug|Any CPU.ActiveCfg = Debug|Any CPU
		{975471DC-A646-404C-BD64-8B04B20A9097}.Debug|Any CPU.Build.0 = Debug|Any CPU
		{975471DC-A646-404C-BD64-8B04B20A9097}.Release|Any CPU.ActiveCfg = Release|Any CPU
		{975471DC-A646-404C-BD64-8B04B20A9097}.Release|Any CPU.Build.0 = Release|Any CPU
		{CCF2EE06-9E09-40A8-B82E-D17E20254AEB}.Debug|Any CPU.ActiveCfg = Debug|Any CPU
		{CCF2EE06-9E09-40A8-B82E-D17E20254AEB}.Debug|Any CPU.Build.0 = Debug|Any CPU
		{CCF2EE06-9E09-40A8-B82E-D17E20254AEB}.Release|Any CPU.ActiveCfg = Release|Any CPU
		{CCF2EE06-9E09-40A8-B82E-D17E20254AEB}.Release|Any CPU.Build.0 = Release|Any CPU
		{7BD8DD87-F69F-435F-86A9-4F1878F16796}.Debug|Any CPU.ActiveCfg = Debug|Any CPU
		{7BD8DD87-F69F-435F-86A9-4F1878F16796}.Debug|Any CPU.Build.0 = Debug|Any CPU
		{7BD8DD87-F69F-435F-86A9-4F1878F16796}.Release|Any CPU.ActiveCfg = Release|Any CPU
		{7BD8DD87-F69F-435F-86A9-4F1878F16796}.Release|Any CPU.Build.0 = Release|Any CPU
		{52A82DED-4C2E-419B-A13E-21F4139CA91D}.Debug|Any CPU.ActiveCfg = Debug|Any CPU
		{52A82DED-4C2E-419B-A13E-21F4139CA91D}.Debug|Any CPU.Build.0 = Debug|Any CPU
		{52A82DED-4C2E-419B-A13E-21F4139CA91D}.Release|Any CPU.ActiveCfg = Release|Any CPU
		{52A82DED-4C2E-419B-A13E-21F4139CA91D}.Release|Any CPU.Build.0 = Release|Any CPU
	EndGlobalSection
EndGlobal
