
Microsoft Visual Studio Solution File, Format Version 12.00
# Visual Studio Version 17
VisualStudioVersion = 17.0.31903.59
MinimumVisualStudioVersion = 10.0.40219.1
Project("{FAE04EC0-301F-11D3-BF4B-00C04F79EFBC}") = "minimal", "minimal\Minimal.csproj", "{975471DC-A646-404C-BD64-8B04B20A9097}"
EndProject
Project("{2150E333-8FDC-42A3-9474-1A3956D46DE8}") = "lib", "lib", "{B1BC5C33-36CD-4642-8AA3-E9D015A83BA4}"
EndProject
Project("{2150E333-8FDC-42A3-9474-1A3956D46DE8}") = "common", "common", "{F36CC528-DA37-4CCE-8E84-2EF003EA8B59}"
EndProject
Project("{2150E333-8FDC-42A3-9474-1A3956D46DE8}") = "src", "src", "{1657A667-545B-4C24-9B5E-6AFA09BB9AE7}"
EndProject
Project("{FAE04EC0-301F-11D3-BF4B-00C04F79EFBC}") = "Xabbo.Common", "lib\common\src\Xabbo.Common\Xabbo.Common.csproj", "{1447D94C-8903-49D9-8985-90C3387273A7}"
EndProject
Project("{2150E333-8FDC-42A3-9474-1A3956D46DE8}") = "gearth", "gearth", "{F71BC3A8-3FF6-48B6-B473-AAA08EF437BF}"
EndProject
Project("{2150E333-8FDC-42A3-9474-1A3956D46DE8}") = "src", "src", "{41B8C856-A269-46B2-BC95-5057D9CA6E76}"
EndProject
Project("{FAE04EC0-301F-11D3-BF4B-00C04F79EFBC}") = "Xabbo.GEarth", "lib\gearth\src\Xabbo.GEarth\Xabbo.GEarth.csproj", "{22AE563C-54ED-4808-B402-9E5B404C00D4}"
EndProject
Project("{2150E333-8FDC-42A3-9474-1A3956D46DE8}") = "messages", "messages", "{6D5E5010-D21E-48C0-9260-FC373C6F31B5}"
EndProject
Project("{2150E333-8FDC-42A3-9474-1A3956D46DE8}") = "src", "src", "{CD266FBB-0439-4271-96BE-4D6FCBE78C4C}"
EndProject
Project("{FAE04EC0-301F-11D3-BF4B-00C04F79EFBC}") = "Xabbo.Messages", "lib\messages\src\Xabbo.Messages\Xabbo.Messages.csproj", "{5BB6D4AD-AF91-443B-9DB1-9EF0F8C3905A}"
EndProject
Project("{FAE04EC0-301F-11D3-BF4B-00C04F79EFBC}") = "Extended", "extended\Extended.csproj", "{CCF2EE06-9E09-40A8-B82E-D17E20254AEB}"
EndProject
Project("{2150E333-8FDC-42A3-9474-1A3956D46DE8}") = "core", "core", "{6D0A62FC-A854-45A7-9BCF-A709E802260D}"
EndProject
Project("{2150E333-8FDC-42A3-9474-1A3956D46DE8}") = "src", "src", "{DCBF7419-3BFD-446D-AAB8-697B2D00E289}"
EndProject
Project("{FAE04EC0-301F-11D3-BF4B-00C04F79EFBC}") = "Xabbo.Core", "lib\core\src\Xabbo.Core\Xabbo.Core.csproj", "{95FF4981-BD0B-4178-9F99-E53BEBDDE6C7}"
EndProject
Project("{FAE04EC0-301F-11D3-BF4B-00C04F79EFBC}") = "Xabbo.Examples.Core", "core\Xabbo.Examples.Core.csproj", "{EA021C65-F0F0-41BE-9241-926D84A5CE22}"
EndProject
Global
	GlobalSection(SolutionConfigurationPlatforms) = preSolution
		Debug|Any CPU = Debug|Any CPU
		Release|Any CPU = Release|Any CPU
	EndGlobalSection
	GlobalSection(SolutionProperties) = preSolution
		HideSolutionNode = FALSE
	EndGlobalSection
	GlobalSection(ProjectConfigurationPlatforms) = postSolution
		{975471DC-A646-404C-BD64-8B04B20A9097}.Debug|Any CPU.ActiveCfg = Debug|Any CPU
		{975471DC-A646-404C-BD64-8B04B20A9097}.Debug|Any CPU.Build.0 = Debug|Any CPU
		{975471DC-A646-404C-BD64-8B04B20A9097}.Release|Any CPU.ActiveCfg = Release|Any CPU
		{975471DC-A646-404C-BD64-8B04B20A9097}.Release|Any CPU.Build.0 = Release|Any CPU
		{1447D94C-8903-49D9-8985-90C3387273A7}.Debug|Any CPU.ActiveCfg = Debug|Any CPU
		{1447D94C-8903-49D9-8985-90C3387273A7}.Debug|Any CPU.Build.0 = Debug|Any CPU
		{1447D94C-8903-49D9-8985-90C3387273A7}.Release|Any CPU.ActiveCfg = Release|Any CPU
		{1447D94C-8903-49D9-8985-90C3387273A7}.Release|Any CPU.Build.0 = Release|Any CPU
		{22AE563C-54ED-4808-B402-9E5B404C00D4}.Debug|Any CPU.ActiveCfg = Debug|Any CPU
		{22AE563C-54ED-4808-B402-9E5B404C00D4}.Debug|Any CPU.Build.0 = Debug|Any CPU
		{22AE563C-54ED-4808-B402-9E5B404C00D4}.Release|Any CPU.ActiveCfg = Release|Any CPU
		{22AE563C-54ED-4808-B402-9E5B404C00D4}.Release|Any CPU.Build.0 = Release|Any CPU
		{5BB6D4AD-AF91-443B-9DB1-9EF0F8C3905A}.Debug|Any CPU.ActiveCfg = Debug|Any CPU
		{5BB6D4AD-AF91-443B-9DB1-9EF0F8C3905A}.Debug|Any CPU.Build.0 = Debug|Any CPU
		{5BB6D4AD-AF91-443B-9DB1-9EF0F8C3905A}.Release|Any CPU.ActiveCfg = Release|Any CPU
		{5BB6D4AD-AF91-443B-9DB1-9EF0F8C3905A}.Release|Any CPU.Build.0 = Release|Any CPU
		{CCF2EE06-9E09-40A8-B82E-D17E20254AEB}.Debug|Any CPU.ActiveCfg = Debug|Any CPU
		{CCF2EE06-9E09-40A8-B82E-D17E20254AEB}.Debug|Any CPU.Build.0 = Debug|Any CPU
		{CCF2EE06-9E09-40A8-B82E-D17E20254AEB}.Release|Any CPU.ActiveCfg = Release|Any CPU
		{CCF2EE06-9E09-40A8-B82E-D17E20254AEB}.Release|Any CPU.Build.0 = Release|Any CPU
		{95FF4981-BD0B-4178-9F99-E53BEBDDE6C7}.Debug|Any CPU.ActiveCfg = Debug|Any CPU
		{95FF4981-BD0B-4178-9F99-E53BEBDDE6C7}.Debug|Any CPU.Build.0 = Debug|Any CPU
		{95FF4981-BD0B-4178-9F99-E53BEBDDE6C7}.Release|Any CPU.ActiveCfg = Release|Any CPU
		{95FF4981-BD0B-4178-9F99-E53BEBDDE6C7}.Release|Any CPU.Build.0 = Release|Any CPU
		{EA021C65-F0F0-41BE-9241-926D84A5CE22}.Debug|Any CPU.ActiveCfg = Debug|Any CPU
		{EA021C65-F0F0-41BE-9241-926D84A5CE22}.Debug|Any CPU.Build.0 = Debug|Any CPU
		{EA021C65-F0F0-41BE-9241-926D84A5CE22}.Release|Any CPU.ActiveCfg = Release|Any CPU
		{EA021C65-F0F0-41BE-9241-926D84A5CE22}.Release|Any CPU.Build.0 = Release|Any CPU
	EndGlobalSection
	GlobalSection(NestedProjects) = preSolution
		{F36CC528-DA37-4CCE-8E84-2EF003EA8B59} = {B1BC5C33-36CD-4642-8AA3-E9D015A83BA4}
		{1657A667-545B-4C24-9B5E-6AFA09BB9AE7} = {F36CC528-DA37-4CCE-8E84-2EF003EA8B59}
		{1447D94C-8903-49D9-8985-90C3387273A7} = {1657A667-545B-4C24-9B5E-6AFA09BB9AE7}
		{F71BC3A8-3FF6-48B6-B473-AAA08EF437BF} = {B1BC5C33-36CD-4642-8AA3-E9D015A83BA4}
		{41B8C856-A269-46B2-BC95-5057D9CA6E76} = {F71BC3A8-3FF6-48B6-B473-AAA08EF437BF}
		{22AE563C-54ED-4808-B402-9E5B404C00D4} = {41B8C856-A269-46B2-BC95-5057D9CA6E76}
		{6D5E5010-D21E-48C0-9260-FC373C6F31B5} = {B1BC5C33-36CD-4642-8AA3-E9D015A83BA4}
		{CD266FBB-0439-4271-96BE-4D6FCBE78C4C} = {6D5E5010-D21E-48C0-9260-FC373C6F31B5}
		{5BB6D4AD-AF91-443B-9DB1-9EF0F8C3905A} = {CD266FBB-0439-4271-96BE-4D6FCBE78C4C}
		{6D0A62FC-A854-45A7-9BCF-A709E802260D} = {B1BC5C33-36CD-4642-8AA3-E9D015A83BA4}
		{DCBF7419-3BFD-446D-AAB8-697B2D00E289} = {6D0A62FC-A854-45A7-9BCF-A709E802260D}
		{95FF4981-BD0B-4178-9F99-E53BEBDDE6C7} = {DCBF7419-3BFD-446D-AAB8-697B2D00E289}
	EndGlobalSection
EndGlobal
